# This file is automatically @generated by Wally.
# It is not intended for manual editing.
registry = "test"

[[package]]
name = "scarp/anarchy-rewrite"
version = "0.1.0"
dependencies = [["react-lua", "uglypoe/react-lua@17.0.1"]]

[[package]]
name = "uglypoe/react-lua"
version = "17.0.1"
dependencies = []
